
Microsoft Visual Studio Solution File, Format Version 12.00
# Visual Studio Version 17
VisualStudioVersion = 17.2.32526.322
MinimumVisualStudioVersion = 10.0.40219.1

Project("{FAE04EC0-301F-11D3-BF4B-00C04F79EFBC}") = "palindrome", "palindrome\palindrome2.csproj", "{0DAA6360-A2EB-4742-A9CE-DE58335D98BE}"
EndProject
Global
	GlobalSection(SolutionConfigurationPlatforms) = preSolution
		Debug|Any CPU = Debug|Any CPU
		Release|Any CPU = Release|Any CPU
	EndGlobalSection
	GlobalSection(ProjectConfigurationPlatforms) = postSolution
		{914F70A5-3B00-4E54-933E-2214AEB53490}.Debug|Any CPU.ActiveCfg = Debug|Any CPU
		{914F70A5-3B00-4E54-933E-2214AEB53490}.Debug|Any CPU.Build.0 = Debug|Any CPU
		{914F70A5-3B00-4E54-933E-2214AEB53490}.Release|Any CPU.ActiveCfg = Release|Any CPU
		{914F70A5-3B00-4E54-933E-2214AEB53490}.Release|Any CPU.Build.0 = Release|Any CPU
		{0DAA6360-A2EB-4742-A9CE-DE58335D98BE}.Debug|Any CPU.ActiveCfg = Debug|Any CPU
		{0DAA6360-A2EB-4742-A9CE-DE58335D98BE}.Debug|Any CPU.Build.0 = Debug|Any CPU
		{0DAA6360-A2EB-4742-A9CE-DE58335D98BE}.Release|Any CPU.ActiveCfg = Release|Any CPU
		{0DAA6360-A2EB-4742-A9CE-DE58335D98BE}.Release|Any CPU.Build.0 = Release|Any CPU
	EndGlobalSection
	GlobalSection(SolutionProperties) = preSolution
		HideSolutionNode = FALSE
	EndGlobalSection
	GlobalSection(ExtensibilityGlobals) = postSolution
		SolutionGuid = {22F64ECC-F5CD-4417-A1B6-BB0A9E04A70A}
	EndGlobalSection
EndGlobal
